{
  "name": "?",
  "version": "1.0.0",
  "lockfileVersion": 1,
  "requires": true,
  "dependencies": {
    "iexec-oracle-contract": {
      "version": "1.1.7",
      "resolved": "https://registry.npmjs.org/iexec-oracle-contract/-/iexec-oracle-contract-1.1.7.tgz",
      "integrity": "sha1-IbEC1dT4D9En9RIX6ki6XTwvStk=",
      "requires": {
        "rlc-faucet-contract": "1.0.5"
      }
    },
    "rlc-faucet-contract": {
      "version": "1.0.5",
      "resolved": "https://registry.npmjs.org/rlc-faucet-contract/-/rlc-faucet-contract-1.0.5.tgz",
      "integrity": "sha1-Rb4y6aKtJyGgN5w9Cl1O/Uj5hTg="
    }
  }
}
